
Microsoft Visual Studio Solution File, Format Version 12.00
# Visual Studio Version 17
VisualStudioVersion = 17.1.32210.238
MinimumVisualStudioVersion = 10.0.40219.1
Project("{9A19103F-16F7-4668-BE54-9A1E7A4F7556}") = "API", "API\API.csproj", "{D79360C5-9024-4974-B5E5-AF1C2A5833EA}"
EndProject
Project("{FAE04EC0-301F-11D3-BF4B-00C04F79EFBC}") = "Business_Logic_Layer", "Business_Logic_Layer\Business_Logic_Layer.csproj", "{D6E86E1A-56BA-4875-97C3-B5B666CD7872}"
EndProject
Project("{FAE04EC0-301F-11D3-BF4B-00C04F79EFBC}") = "Data_Access_Layer", "Data_Access_Layer\Data_Access_Layer.csproj", "{FF8C5410-3164-4E06-B0DA-E073507D56F7}"
EndProject
Global
	GlobalSection(SolutionConfigurationPlatforms) = preSolution
		Debug|Any CPU = Debug|Any CPU
		Release|Any CPU = Release|Any CPU
	EndGlobalSection
	GlobalSection(ProjectConfigurationPlatforms) = postSolution
		{D79360C5-9024-4974-B5E5-AF1C2A5833EA}.Debug|Any CPU.ActiveCfg = Debug|Any CPU
		{D79360C5-9024-4974-B5E5-AF1C2A5833EA}.Debug|Any CPU.Build.0 = Debug|Any CPU
		{D79360C5-9024-4974-B5E5-AF1C2A5833EA}.Release|Any CPU.ActiveCfg = Release|Any CPU
		{D79360C5-9024-4974-B5E5-AF1C2A5833EA}.Release|Any CPU.Build.0 = Release|Any CPU
		{D6E86E1A-56BA-4875-97C3-B5B666CD7872}.Debug|Any CPU.ActiveCfg = Debug|Any CPU
		{D6E86E1A-56BA-4875-97C3-B5B666CD7872}.Debug|Any CPU.Build.0 = Debug|Any CPU
		{D6E86E1A-56BA-4875-97C3-B5B666CD7872}.Release|Any CPU.ActiveCfg = Release|Any CPU
		{D6E86E1A-56BA-4875-97C3-B5B666CD7872}.Release|Any CPU.Build.0 = Release|Any CPU
		{FF8C5410-3164-4E06-B0DA-E073507D56F7}.Debug|Any CPU.ActiveCfg = Debug|Any CPU
		{FF8C5410-3164-4E06-B0DA-E073507D56F7}.Debug|Any CPU.Build.0 = Debug|Any CPU
		{FF8C5410-3164-4E06-B0DA-E073507D56F7}.Release|Any CPU.ActiveCfg = Release|Any CPU
		{FF8C5410-3164-4E06-B0DA-E073507D56F7}.Release|Any CPU.Build.0 = Release|Any CPU
	EndGlobalSection
	GlobalSection(SolutionProperties) = preSolution
		HideSolutionNode = FALSE
	EndGlobalSection
	GlobalSection(ExtensibilityGlobals) = postSolution
		SolutionGuid = {02370E9E-3729-45C9-BF03-95C0CE3A5172}
	EndGlobalSection
EndGlobal
